
Microsoft Visual Studio Solution File, Format Version 12.00
# Visual Studio Version 17
VisualStudioVersion = 17.2.32526.322
MinimumVisualStudioVersion = 10.0.40219.1
Project("{8BC9CEB8-8B4A-11D0-8D11-00A0C91BC942}") = "engine", "src\engine\engine.vcxproj", "{7080E3CC-7F49-43A5-8EBF-E3581FBA94E6}"
EndProject
Project("{8BC9CEB8-8B4A-11D0-8D11-00A0C91BC942}") = "editor", "src\editor\editor.vcxproj", "{50F88C28-AEDE-477E-95AA-6ABFB4DF8390}"
	ProjectSection(ProjectDependencies) = postProject
		{7080E3CC-7F49-43A5-8EBF-E3581FBA94E6} = {7080E3CC-7F49-43A5-8EBF-E3581FBA94E6}
	EndProjectSection
EndProject
Project("{8BC9CEB8-8B4A-11D0-8D11-00A0C91BC942}") = "maze", "src\maze\maze.vcxproj", "{E9CAB241-9B94-4FAD-BE0D-59BBACA17B55}"
	ProjectSection(ProjectDependencies) = postProject
		{7080E3CC-7F49-43A5-8EBF-E3581FBA94E6} = {7080E3CC-7F49-43A5-8EBF-E3581FBA94E6}
	EndProjectSection
EndProject
Global
	GlobalSection(SolutionConfigurationPlatforms) = preSolution
		Debug|x64 = Debug|x64
		Debug|x86 = Debug|x86
		Release|x64 = Release|x64
		Release|x86 = Release|x86
	EndGlobalSection
	GlobalSection(ProjectConfigurationPlatforms) = postSolution
		{7080E3CC-7F49-43A5-8EBF-E3581FBA94E6}.Debug|x64.ActiveCfg = Debug|x64
		{7080E3CC-7F49-43A5-8EBF-E3581FBA94E6}.Debug|x64.Build.0 = Debug|x64
		{7080E3CC-7F49-43A5-8EBF-E3581FBA94E6}.Debug|x86.ActiveCfg = Debug|Win32
		{7080E3CC-7F49-43A5-8EBF-E3581FBA94E6}.Debug|x86.Build.0 = Debug|Win32
		{7080E3CC-7F49-43A5-8EBF-E3581FBA94E6}.Release|x64.ActiveCfg = Release|x64
		{7080E3CC-7F49-43A5-8EBF-E3581FBA94E6}.Release|x64.Build.0 = Release|x64
		{7080E3CC-7F49-43A5-8EBF-E3581FBA94E6}.Release|x86.ActiveCfg = Release|Win32
		{7080E3CC-7F49-43A5-8EBF-E3581FBA94E6}.Release|x86.Build.0 = Release|Win32
		{50F88C28-AEDE-477E-95AA-6ABFB4DF8390}.Debug|x64.ActiveCfg = Debug|x64
		{50F88C28-AEDE-477E-95AA-6ABFB4DF8390}.Debug|x64.Build.0 = Debug|x64
		{50F88C28-AEDE-477E-95AA-6ABFB4DF8390}.Debug|x86.ActiveCfg = Debug|Win32
		{50F88C28-AEDE-477E-95AA-6ABFB4DF8390}.Debug|x86.Build.0 = Debug|Win32
		{50F88C28-AEDE-477E-95AA-6ABFB4DF8390}.Release|x64.ActiveCfg = Release|x64
		{50F88C28-AEDE-477E-95AA-6ABFB4DF8390}.Release|x64.Build.0 = Release|x64
		{50F88C28-AEDE-477E-95AA-6ABFB4DF8390}.Release|x86.ActiveCfg = Release|Win32
		{50F88C28-AEDE-477E-95AA-6ABFB4DF8390}.Release|x86.Build.0 = Release|Win32
		{E9CAB241-9B94-4FAD-BE0D-59BBACA17B55}.Debug|x64.ActiveCfg = Debug|x64
		{E9CAB241-9B94-4FAD-BE0D-59BBACA17B55}.Debug|x64.Build.0 = Debug|x64
		{E9CAB241-9B94-4FAD-BE0D-59BBACA17B55}.Debug|x86.ActiveCfg = Debug|Win32
		{E9CAB241-9B94-4FAD-BE0D-59BBACA17B55}.Debug|x86.Build.0 = Debug|Win32
		{E9CAB241-9B94-4FAD-BE0D-59BBACA17B55}.Release|x64.ActiveCfg = Release|x64
		{E9CAB241-9B94-4FAD-BE0D-59BBACA17B55}.Release|x64.Build.0 = Release|x64
		{E9CAB241-9B94-4FAD-BE0D-59BBACA17B55}.Release|x86.ActiveCfg = Release|Win32
		{E9CAB241-9B94-4FAD-BE0D-59BBACA17B55}.Release|x86.Build.0 = Release|Win32
	EndGlobalSection
	GlobalSection(SolutionProperties) = preSolution
		HideSolutionNode = FALSE
	EndGlobalSection
	GlobalSection(ExtensibilityGlobals) = postSolution
		SolutionGuid = {31F335E9-5DFF-490E-976E-7B79A4E7307A}
	EndGlobalSection
EndGlobal
