
Microsoft Visual Studio Solution File, Format Version 12.00
# Visual Studio Version 17
Project("{2150E333-8FDC-42A3-9474-1A3956D46DE8}") = "Misc", "Misc", "{7802C95D-64BA-0AAB-CDC1-E306B998A59B}"
EndProject
Project("{8BC9CEB8-8B4A-11D0-8D11-00A0C91BC942}") = "Mics", "mics\Mics.vcxproj", "{9114897C-7D4B-8A0D-2638-7010124E060F}"
EndProject
Project("{2150E333-8FDC-42A3-9474-1A3956D46DE8}") = "Core", "Core", "{15A0C35D-0158-05AB-6A5F-DE065636A09B}"
EndProject
Project("{8BC9CEB8-8B4A-11D0-8D11-00A0C91BC942}") = "Engine", "engine\Engine.vcxproj", "{DBC7D3B0-C769-FE86-B024-12DB9C6585D7}"
EndProject
Project("{2150E333-8FDC-42A3-9474-1A3956D46DE8}") = "Dependencies", "Dependencies", "{53E47842-3FC8-3998-A828-34EB942B241A}"
EndProject
Project("{8BC9CEB8-8B4A-11D0-8D11-00A0C91BC942}") = "GLFW", "engine\vendor\glfw\GLFW.vcxproj", "{154B857C-0182-860D-AA6E-6C109684020F}"
EndProject
Project("{8BC9CEB8-8B4A-11D0-8D11-00A0C91BC942}") = "ImGui", "engine\vendor\imgui\ImGui.vcxproj", "{C0FF640D-2C14-8DBE-F595-301E616989EF}"
EndProject
Project("{8BC9CEB8-8B4A-11D0-8D11-00A0C91BC942}") = "assimp", "engine\vendor\assimp\assimp.vcxproj", "{724885F2-5EEA-AFC8-47A5-C31C33E63619}"
EndProject
Project("{8BC9CEB8-8B4A-11D0-8D11-00A0C91BC942}") = "freetype", "engine\vendor\freetype\freetype.vcxproj", "{89895BD8-7556-B6E3-9E6F-A48B8A9BEB71}"
EndProject
Project("{8BC9CEB8-8B4A-11D0-8D11-00A0C91BC942}") = "glad", "engine\vendor\glad\glad.vcxproj", "{DD62977C-C999-980D-7286-7E105E9C140F}"
EndProject
Project("{2150E333-8FDC-42A3-9474-1A3956D46DE8}") = "Editor", "Editor", "{339C0AE1-1FFF-9985-C884-D23BB4C66508}"
EndProject
Project("{8BC9CEB8-8B4A-11D0-8D11-00A0C91BC942}") = "Editor", "editor\Editor.vcxproj", "{8C1A20B0-78BC-4A86-6177-5EDA4DB8D1D6}"
EndProject
Global
	GlobalSection(SolutionConfigurationPlatforms) = preSolution
		Debug|x64 = Debug|x64
		Release|x64 = Release|x64
	EndGlobalSection
	GlobalSection(ProjectConfigurationPlatforms) = postSolution
		{9114897C-7D4B-8A0D-2638-7010124E060F}.Debug|x64.ActiveCfg = Debug|x64
		{9114897C-7D4B-8A0D-2638-7010124E060F}.Debug|x64.Build.0 = Debug|x64
		{9114897C-7D4B-8A0D-2638-7010124E060F}.Release|x64.ActiveCfg = Release|x64
		{9114897C-7D4B-8A0D-2638-7010124E060F}.Release|x64.Build.0 = Release|x64
		{DBC7D3B0-C769-FE86-B024-12DB9C6585D7}.Debug|x64.ActiveCfg = Debug|x64
		{DBC7D3B0-C769-FE86-B024-12DB9C6585D7}.Debug|x64.Build.0 = Debug|x64
		{DBC7D3B0-C769-FE86-B024-12DB9C6585D7}.Release|x64.ActiveCfg = Release|x64
		{DBC7D3B0-C769-FE86-B024-12DB9C6585D7}.Release|x64.Build.0 = Release|x64
		{154B857C-0182-860D-AA6E-6C109684020F}.Debug|x64.ActiveCfg = Debug|x64
		{154B857C-0182-860D-AA6E-6C109684020F}.Debug|x64.Build.0 = Debug|x64
		{154B857C-0182-860D-AA6E-6C109684020F}.Release|x64.ActiveCfg = Release|x64
		{154B857C-0182-860D-AA6E-6C109684020F}.Release|x64.Build.0 = Release|x64
		{C0FF640D-2C14-8DBE-F595-301E616989EF}.Debug|x64.ActiveCfg = Debug|x64
		{C0FF640D-2C14-8DBE-F595-301E616989EF}.Debug|x64.Build.0 = Debug|x64
		{C0FF640D-2C14-8DBE-F595-301E616989EF}.Release|x64.ActiveCfg = Release|x64
		{C0FF640D-2C14-8DBE-F595-301E616989EF}.Release|x64.Build.0 = Release|x64
		{724885F2-5EEA-AFC8-47A5-C31C33E63619}.Debug|x64.ActiveCfg = Debug|x64
		{724885F2-5EEA-AFC8-47A5-C31C33E63619}.Debug|x64.Build.0 = Debug|x64
		{724885F2-5EEA-AFC8-47A5-C31C33E63619}.Release|x64.ActiveCfg = Release|x64
		{724885F2-5EEA-AFC8-47A5-C31C33E63619}.Release|x64.Build.0 = Release|x64
		{89895BD8-7556-B6E3-9E6F-A48B8A9BEB71}.Debug|x64.ActiveCfg = Debug|x64
		{89895BD8-7556-B6E3-9E6F-A48B8A9BEB71}.Debug|x64.Build.0 = Debug|x64
		{89895BD8-7556-B6E3-9E6F-A48B8A9BEB71}.Release|x64.ActiveCfg = Release|x64
		{89895BD8-7556-B6E3-9E6F-A48B8A9BEB71}.Release|x64.Build.0 = Release|x64
		{DD62977C-C999-980D-7286-7E105E9C140F}.Debug|x64.ActiveCfg = Debug|x64
		{DD62977C-C999-980D-7286-7E105E9C140F}.Debug|x64.Build.0 = Debug|x64
		{DD62977C-C999-980D-7286-7E105E9C140F}.Release|x64.ActiveCfg = Release|x64
		{DD62977C-C999-980D-7286-7E105E9C140F}.Release|x64.Build.0 = Release|x64
		{8C1A20B0-78BC-4A86-6177-5EDA4DB8D1D6}.Debug|x64.ActiveCfg = Debug|x64
		{8C1A20B0-78BC-4A86-6177-5EDA4DB8D1D6}.Debug|x64.Build.0 = Debug|x64
		{8C1A20B0-78BC-4A86-6177-5EDA4DB8D1D6}.Release|x64.ActiveCfg = Release|x64
		{8C1A20B0-78BC-4A86-6177-5EDA4DB8D1D6}.Release|x64.Build.0 = Release|x64
	EndGlobalSection
	GlobalSection(SolutionProperties) = preSolution
		HideSolutionNode = FALSE
	EndGlobalSection
	GlobalSection(NestedProjects) = preSolution
		{9114897C-7D4B-8A0D-2638-7010124E060F} = {7802C95D-64BA-0AAB-CDC1-E306B998A59B}
		{DBC7D3B0-C769-FE86-B024-12DB9C6585D7} = {15A0C35D-0158-05AB-6A5F-DE065636A09B}
		{154B857C-0182-860D-AA6E-6C109684020F} = {53E47842-3FC8-3998-A828-34EB942B241A}
		{C0FF640D-2C14-8DBE-F595-301E616989EF} = {53E47842-3FC8-3998-A828-34EB942B241A}
		{724885F2-5EEA-AFC8-47A5-C31C33E63619} = {53E47842-3FC8-3998-A828-34EB942B241A}
		{89895BD8-7556-B6E3-9E6F-A48B8A9BEB71} = {53E47842-3FC8-3998-A828-34EB942B241A}
		{DD62977C-C999-980D-7286-7E105E9C140F} = {53E47842-3FC8-3998-A828-34EB942B241A}
		{8C1A20B0-78BC-4A86-6177-5EDA4DB8D1D6} = {339C0AE1-1FFF-9985-C884-D23BB4C66508}
	EndGlobalSection
EndGlobal
