<?xml version="1.0" encoding="utf-8"?>
<Project ToolsVersion="4.0" xmlns="http://schemas.microsoft.com/developer/msbuild/2003">
  <ItemGroup>
    <Filter Include="Source Files">
      <UniqueIdentifier>{4FC737F1-C7A5-4376-A066-2A32D752A2FF}</UniqueIdentifier>
      <Extensions>cpp;c;cc;cxx;c++;cppm;ixx;def;odl;idl;hpj;bat;asm;asmx</Extensions>
    </Filter>
    <Filter Include="Runner">
      <UniqueIdentifier>{b93d7023-e04a-4a6b-a7a9-e7eca6a396ef}</UniqueIdentifier>
    </Filter>
    <Filter Include="Camera">
      <UniqueIdentifier>{61d23cbb-6dec-410a-9602-60b536cb6dad}</UniqueIdentifier>
    </Filter>
    <Filter Include="Control">
      <UniqueIdentifier>{0d5d69a1-6444-411e-a492-5d2e8cffdafc}</UniqueIdentifier>
    </Filter>
    <Filter Include="Snake">
      <UniqueIdentifier>{6bbb1106-3b32-4000-817d-8c87179fcb12}</UniqueIdentifier>
    </Filter>
    <Filter Include="Board">
      <UniqueIdentifier>{0ccc9b11-213f-4bff-afd5-a43522cbe20e}</UniqueIdentifier>
    </Filter>
  </ItemGroup>
  <ItemGroup>
    <ClCompile Include="snake.cpp">
      <Filter>Source Files</Filter>
    </ClCompile>
  </ItemGroup>
  <ItemGroup>
    <ClInclude Include="RunnerSnake.h">
      <Filter>Runner</Filter>
    </ClInclude>
    <ClInclude Include="Control.h">
      <Filter>Control</Filter>
    </ClInclude>
    <ClInclude Include="Camera.h">
      <Filter>Camera</Filter>
    </ClInclude>
    <ClInclude Include="Snake.h">
      <Filter>Snake</Filter>
    </ClInclude>
    <ClInclude Include="Food.h">
      <Filter>Snake</Filter>
    </ClInclude>
    <ClInclude Include="Board.h">
      <Filter>Board</Filter>
    </ClInclude>
    <ClInclude Include="Cell.h">
      <Filter>Snake</Filter>
    </ClInclude>
    <ClInclude Include="SnakeMovement.h">
      <Filter>Snake</Filter>
    </ClInclude>
  </ItemGroup>
</Project>