<?xml version="1.0" encoding="utf-8"?>
<Project ToolsVersion="4.0" xmlns="http://schemas.microsoft.com/developer/msbuild/2003">
  <ItemGroup>
    <Filter Include="Source Files">
      <UniqueIdentifier>{4FC737F1-C7A5-4376-A066-2A32D752A2FF}</UniqueIdentifier>
      <Extensions>cpp;c;cc;cxx;c++;cppm;ixx;def;odl;idl;hpj;bat;asm;asmx</Extensions>
    </Filter>
    <Filter Include="Runner">
      <UniqueIdentifier>{88fdf04b-a25a-4ede-ad7d-d53b085cd8fd}</UniqueIdentifier>
    </Filter>
    <Filter Include="Camera">
      <UniqueIdentifier>{6d4683da-a090-40e4-a3f2-4cf6f645780c}</UniqueIdentifier>
    </Filter>
    <Filter Include="Control">
      <UniqueIdentifier>{62870a18-7f9b-4c42-85be-6a0e9268855f}</UniqueIdentifier>
    </Filter>
    <Filter Include="Fractal">
      <UniqueIdentifier>{5336d03c-f379-47f8-9f52-313f8cdb20a4}</UniqueIdentifier>
    </Filter>
    <Filter Include="Perlin Noise">
      <UniqueIdentifier>{b4becb44-9511-49f4-9067-72d1f3e8cef1}</UniqueIdentifier>
    </Filter>
    <Filter Include="Shader">
      <UniqueIdentifier>{66241544-20ed-41ae-8431-513dde4edb8d}</UniqueIdentifier>
    </Filter>
  </ItemGroup>
  <ItemGroup>
    <ClCompile Include="mics.cpp">
      <Filter>Source Files</Filter>
    </ClCompile>
  </ItemGroup>
  <ItemGroup>
    <ClInclude Include="RunnerMics.h">
      <Filter>Runner</Filter>
    </ClInclude>
    <ClInclude Include="Camera.h">
      <Filter>Camera</Filter>
    </ClInclude>
    <ClInclude Include="Control.h">
      <Filter>Control</Filter>
    </ClInclude>
    <ClInclude Include="Fractal.h">
      <Filter>Fractal</Filter>
    </ClInclude>
    <ClInclude Include="PerlinNoise.h">
      <Filter>Perlin Noise</Filter>
    </ClInclude>
    <ClInclude Include="MicsShader.h">
      <Filter>Shader</Filter>
    </ClInclude>
  </ItemGroup>
</Project>