<?xml version="1.0" encoding="utf-8"?>
<Project ToolsVersion="4.0" xmlns="http://schemas.microsoft.com/developer/msbuild/2003">
  <ItemGroup>
    <Filter Include="Camera">
      <UniqueIdentifier>{713c386d-a419-4f06-aade-4dd90dcf1507}</UniqueIdentifier>
    </Filter>
    <Filter Include="Control">
      <UniqueIdentifier>{79df79dc-4d8b-4d43-b79a-862a63958728}</UniqueIdentifier>
    </Filter>
    <Filter Include="Core">
      <UniqueIdentifier>{4186f120-3b9e-4949-a1b5-b55346eca774}</UniqueIdentifier>
    </Filter>
    <Filter Include="Math">
      <UniqueIdentifier>{107f6304-0973-4d75-8544-f150d5c4b571}</UniqueIdentifier>
    </Filter>
    <Filter Include="Model">
      <UniqueIdentifier>{e01aa9d5-44d4-4f3d-9dca-e4962354976f}</UniqueIdentifier>
    </Filter>
    <Filter Include="Window">
      <UniqueIdentifier>{23fbbc5d-a2df-4d63-aa5a-281cd7b4194e}</UniqueIdentifier>
    </Filter>
    <Filter Include="Renderer">
      <UniqueIdentifier>{f3122ed7-b4fe-4221-a840-0c3feba8f791}</UniqueIdentifier>
    </Filter>
    <Filter Include="Scene">
      <UniqueIdentifier>{19abdabd-aae5-42b8-b0cf-c4514112f4a7}</UniqueIdentifier>
    </Filter>
    <Filter Include="Shader">
      <UniqueIdentifier>{c11e98fd-d4e2-4bcf-ad0b-5f2026f8f0cc}</UniqueIdentifier>
    </Filter>
    <Filter Include="Shape">
      <UniqueIdentifier>{222be8dc-c4e8-4887-ac1f-a0937a51b15a}</UniqueIdentifier>
    </Filter>
    <Filter Include="Texture">
      <UniqueIdentifier>{5d52721c-6402-4f09-af67-e0787e231df7}</UniqueIdentifier>
    </Filter>
    <Filter Include="Util">
      <UniqueIdentifier>{91c6cfc8-2cc7-4405-aedb-07ab3ebb83b8}</UniqueIdentifier>
    </Filter>
    <Filter Include="Logging">
      <UniqueIdentifier>{49576213-c57a-443e-b137-beea185aa600}</UniqueIdentifier>
    </Filter>
    <Filter Include="Event">
      <UniqueIdentifier>{a07acd6a-4917-4d23-a3dc-4397dd09572c}</UniqueIdentifier>
    </Filter>
  </ItemGroup>
  <ItemGroup>
    <ClInclude Include="camera\CameraProperties.h">
      <Filter>Camera</Filter>
    </ClInclude>
    <ClInclude Include="camera\ICamera.h">
      <Filter>Camera</Filter>
    </ClInclude>
    <ClInclude Include="control\ICommand.h">
      <Filter>Control</Filter>
    </ClInclude>
    <ClInclude Include="control\IControl.h">
      <Filter>Control</Filter>
    </ClInclude>
    <ClInclude Include="control\InputHandler.h">
      <Filter>Control</Filter>
    </ClInclude>
    <ClInclude Include="core\AuxiliaryStructs.h">
      <Filter>Core</Filter>
    </ClInclude>
    <ClInclude Include="core\Entity.h">
      <Filter>Core</Filter>
    </ClInclude>
    <ClInclude Include="core\EntityType.h">
      <Filter>Core</Filter>
    </ClInclude>
    <ClInclude Include="core\IRunner.h">
      <Filter>Core</Filter>
    </ClInclude>
    <ClInclude Include="core\Object.h">
      <Filter>Core</Filter>
    </ClInclude>
    <ClInclude Include="core\State.h">
      <Filter>Core</Filter>
    </ClInclude>
    <ClInclude Include="logging\Logger.h">
      <Filter>Logging</Filter>
    </ClInclude>
    <ClInclude Include="logging\LogManager.h">
      <Filter>Logging</Filter>
    </ClInclude>
    <ClInclude Include="math\Mat3.h">
      <Filter>Math</Filter>
    </ClInclude>
    <ClInclude Include="math\Mat4.h">
      <Filter>Math</Filter>
    </ClInclude>
    <ClInclude Include="math\Transform.h">
      <Filter>Math</Filter>
    </ClInclude>
    <ClInclude Include="math\Vec3.h">
      <Filter>Math</Filter>
    </ClInclude>
    <ClInclude Include="math\Vec4.h">
      <Filter>Math</Filter>
    </ClInclude>
    <ClInclude Include="model\Material.h">
      <Filter>Model</Filter>
    </ClInclude>
    <ClInclude Include="model\Mesh.h">
      <Filter>Model</Filter>
    </ClInclude>
    <ClInclude Include="model\Model.h">
      <Filter>Model</Filter>
    </ClInclude>
    <ClInclude Include="window\WindowManager.h">
      <Filter>Window</Filter>
    </ClInclude>
    <ClInclude Include="util\Script.h">
      <Filter>Util</Filter>
    </ClInclude>
    <ClInclude Include="util\Util.h">
      <Filter>Util</Filter>
    </ClInclude>
    <ClInclude Include="texture\Color.h">
      <Filter>Texture</Filter>
    </ClInclude>
    <ClInclude Include="texture\Skybox.h">
      <Filter>Texture</Filter>
    </ClInclude>
    <ClInclude Include="texture\Sprite.h">
      <Filter>Texture</Filter>
    </ClInclude>
    <ClInclude Include="texture\Texture.h">
      <Filter>Texture</Filter>
    </ClInclude>
    <ClInclude Include="texture\Typer.h">
      <Filter>Texture</Filter>
    </ClInclude>
    <ClInclude Include="shape\Circle.h">
      <Filter>Shape</Filter>
    </ClInclude>
    <ClInclude Include="shape\Cube.h">
      <Filter>Shape</Filter>
    </ClInclude>
    <ClInclude Include="shape\Line.h">
      <Filter>Shape</Filter>
    </ClInclude>
    <ClInclude Include="shape\Point.h">
      <Filter>Shape</Filter>
    </ClInclude>
    <ClInclude Include="shape\Polygon.h">
      <Filter>Shape</Filter>
    </ClInclude>
    <ClInclude Include="shape\Rectangle.h">
      <Filter>Shape</Filter>
    </ClInclude>
    <ClInclude Include="shape\Triangle.h">
      <Filter>Shape</Filter>
    </ClInclude>
    <ClInclude Include="shader\Shader.h">
      <Filter>Shader</Filter>
    </ClInclude>
    <ClInclude Include="shader\ShaderManager.h">
      <Filter>Shader</Filter>
    </ClInclude>
    <ClInclude Include="scene\Scene.h">
      <Filter>Scene</Filter>
    </ClInclude>
    <ClInclude Include="scene\Layer.h">
      <Filter>Scene</Filter>
    </ClInclude>
    <ClInclude Include="renderer\IEngineBackend.h">
      <Filter>Renderer</Filter>
    </ClInclude>
    <ClInclude Include="renderer\OpenGLEngineBackend.h">
      <Filter>Renderer</Filter>
    </ClInclude>
    <ClInclude Include="core\Seri.h">
      <Filter>Core</Filter>
    </ClInclude>
    <ClInclude Include="control\KeyCode.h">
      <Filter>Control</Filter>
    </ClInclude>
    <ClInclude Include="event\EventManager.h">
      <Filter>Event</Filter>
    </ClInclude>
    <ClInclude Include="control\KeyAction.h">
      <Filter>Control</Filter>
    </ClInclude>
    <ClInclude Include="control\MouseButtonCode.h">
      <Filter>Control</Filter>
    </ClInclude>
    <ClInclude Include="control\MouseButtonAction.h">
      <Filter>Control</Filter>
    </ClInclude>
    <ClInclude Include="core\Seripch.h">
      <Filter>Core</Filter>
    </ClInclude>
    <ClInclude Include="window\IWindowManager.h">
      <Filter>Window</Filter>
    </ClInclude>
    <ClInclude Include="event\InputEvent.h">
      <Filter>Event</Filter>
    </ClInclude>
    <ClInclude Include="event\EventType.h">
      <Filter>Event</Filter>
    </ClInclude>
  </ItemGroup>
  <ItemGroup>
    <ClCompile Include="core\Seripch.cpp">
      <Filter>Core</Filter>
    </ClCompile>
  </ItemGroup>
</Project>