<?xml version="1.0" encoding="utf-8"?>
<Project ToolsVersion="4.0" xmlns="http://schemas.microsoft.com/developer/msbuild/2003">
  <ItemGroup>
    <Filter Include="Source Files">
      <UniqueIdentifier>{4FC737F1-C7A5-4376-A066-2A32D752A2FF}</UniqueIdentifier>
      <Extensions>cpp;c;cc;cxx;c++;cppm;ixx;def;odl;idl;hpj;bat;asm;asmx</Extensions>
    </Filter>
    <Filter Include="Runner">
      <UniqueIdentifier>{bda894e3-7373-44e2-aaec-f8675f1ec576}</UniqueIdentifier>
    </Filter>
    <Filter Include="Camera">
      <UniqueIdentifier>{7916b466-9972-4456-ac57-a9b35108b48d}</UniqueIdentifier>
    </Filter>
    <Filter Include="Control">
      <UniqueIdentifier>{b2d8dfbb-2404-4387-be30-6d809880f27e}</UniqueIdentifier>
    </Filter>
    <Filter Include="Tetris">
      <UniqueIdentifier>{eb851c1a-503f-409b-a374-21b55acda3d3}</UniqueIdentifier>
    </Filter>
    <Filter Include="Block">
      <UniqueIdentifier>{dce905c4-1edc-4414-bdbd-95af5d04a6dd}</UniqueIdentifier>
    </Filter>
  </ItemGroup>
  <ItemGroup>
    <ClCompile Include="tetris.cpp">
      <Filter>Source Files</Filter>
    </ClCompile>
  </ItemGroup>
  <ItemGroup>
    <ClInclude Include="RunnerTetris.h">
      <Filter>Runner</Filter>
    </ClInclude>
    <ClInclude Include="Camera.h">
      <Filter>Camera</Filter>
    </ClInclude>
    <ClInclude Include="Control.h">
      <Filter>Control</Filter>
    </ClInclude>
    <ClInclude Include="Tetris.h">
      <Filter>Tetris</Filter>
    </ClInclude>
    <ClInclude Include="TetrisProperties.h">
      <Filter>Tetris</Filter>
    </ClInclude>
    <ClInclude Include="Board.h">
      <Filter>Tetris</Filter>
    </ClInclude>
    <ClInclude Include="TetrisMovement.h">
      <Filter>Tetris</Filter>
    </ClInclude>
    <ClInclude Include="IBlock.h">
      <Filter>Block</Filter>
    </ClInclude>
    <ClInclude Include="BlockI.h">
      <Filter>Block</Filter>
    </ClInclude>
    <ClInclude Include="BlockFactory.h">
      <Filter>Block</Filter>
    </ClInclude>
    <ClInclude Include="BlockType.h">
      <Filter>Block</Filter>
    </ClInclude>
  </ItemGroup>
</Project>