<?xml version="1.0" encoding="utf-8"?>
<Project ToolsVersion="4.0" xmlns="http://schemas.microsoft.com/developer/msbuild/2003">
  <ItemGroup>
    <Filter Include="Source Files">
      <UniqueIdentifier>{4FC737F1-C7A5-4376-A066-2A32D752A2FF}</UniqueIdentifier>
      <Extensions>cpp;c;cc;cxx;c++;cppm;ixx;def;odl;idl;hpj;bat;asm;asmx</Extensions>
    </Filter>
    <Filter Include="Camera">
      <UniqueIdentifier>{8f74d430-1886-4edd-8b6b-94cad3a2d41b}</UniqueIdentifier>
    </Filter>
    <Filter Include="Control">
      <UniqueIdentifier>{d7789df6-93de-48ac-89e6-bcb47c41c0b0}</UniqueIdentifier>
    </Filter>
    <Filter Include="Game">
      <UniqueIdentifier>{2c7f23bb-efa1-43b5-bfc7-ee6f6b4c3dfb}</UniqueIdentifier>
    </Filter>
    <Filter Include="Runner">
      <UniqueIdentifier>{c25514f1-ac6c-497a-b671-474ba5659b62}</UniqueIdentifier>
    </Filter>
  </ItemGroup>
  <ItemGroup>
    <ClCompile Include="maze.cpp">
      <Filter>Source Files</Filter>
    </ClCompile>
  </ItemGroup>
  <ItemGroup>
    <ClInclude Include="Camera.h">
      <Filter>Camera</Filter>
    </ClInclude>
    <ClInclude Include="Control.h">
      <Filter>Control</Filter>
    </ClInclude>
    <ClInclude Include="Game.h">
      <Filter>Game</Filter>
    </ClInclude>
    <ClInclude Include="Maze.h">
      <Filter>Game</Filter>
    </ClInclude>
    <ClInclude Include="Stopwatch.h">
      <Filter>Game</Filter>
    </ClInclude>
    <ClInclude Include="Runner.h">
      <Filter>Runner</Filter>
    </ClInclude>
  </ItemGroup>
</Project>