<?xml version="1.0" encoding="utf-8"?>
<Project ToolsVersion="4.0" xmlns="http://schemas.microsoft.com/developer/msbuild/2003">
  <ItemGroup>
    <Filter Include="Source Files">
      <UniqueIdentifier>{4FC737F1-C7A5-4376-A066-2A32D752A2FF}</UniqueIdentifier>
      <Extensions>cpp;c;cc;cxx;def;odl;idl;hpj;bat;asm;asmx</Extensions>
    </Filter>
    <Filter Include="Header Files">
      <UniqueIdentifier>{93995380-89BD-4b04-88EB-625FBE52EBFB}</UniqueIdentifier>
      <Extensions>h;hh;hpp;hxx;hm;inl;inc;ipp;xsd</Extensions>
    </Filter>
    <Filter Include="Resource Files">
      <UniqueIdentifier>{67DA6AB6-F800-4c08-8B7A-83BB121AAD01}</UniqueIdentifier>
      <Extensions>rc;ico;cur;bmp;dlg;rc2;rct;bin;rgs;gif;jpg;jpeg;jpe;resx;tiff;tif;png;wav;mfcribbon-ms</Extensions>
    </Filter>
  </ItemGroup>
  <ItemGroup>
    <ClCompile Include="Shader.cpp">
      <Filter>Source Files</Filter>
    </ClCompile>
    <ClCompile Include="TextureManager.cpp">
      <Filter>Source Files</Filter>
    </ClCompile>
    <ClCompile Include="Camera.cpp">
      <Filter>Source Files</Filter>
    </ClCompile>
    <ClCompile Include="main.cpp">
      <Filter>Source Files</Filter>
    </ClCompile>
    <ClCompile Include="Maze.cpp">
      <Filter>Source Files</Filter>
    </ClCompile>
    <ClCompile Include="Renderer.cpp">
      <Filter>Source Files</Filter>
    </ClCompile>
    <ClCompile Include="Window.cpp">
      <Filter>Source Files</Filter>
    </ClCompile>
    <ClCompile Include="Skybox.cpp">
      <Filter>Source Files</Filter>
    </ClCompile>
    <ClCompile Include="Light.cpp">
      <Filter>Source Files</Filter>
    </ClCompile>
    <ClCompile Include="Typer.cpp">
      <Filter>Source Files</Filter>
    </ClCompile>
    <ClCompile Include="Game.cpp">
      <Filter>Source Files</Filter>
    </ClCompile>
  </ItemGroup>
  <ItemGroup>
    <ClInclude Include="Shader.h">
      <Filter>Header Files</Filter>
    </ClInclude>
    <ClInclude Include="TextureManager.h">
      <Filter>Header Files</Filter>
    </ClInclude>
    <ClInclude Include="Camera.h">
      <Filter>Header Files</Filter>
    </ClInclude>
    <ClInclude Include="Maze.h">
      <Filter>Header Files</Filter>
    </ClInclude>
    <ClInclude Include="Renderer.h">
      <Filter>Header Files</Filter>
    </ClInclude>
    <ClInclude Include="Window.h">
      <Filter>Header Files</Filter>
    </ClInclude>
    <ClInclude Include="Skybox.h">
      <Filter>Header Files</Filter>
    </ClInclude>
    <ClInclude Include="Light.h">
      <Filter>Header Files</Filter>
    </ClInclude>
    <ClInclude Include="Typer.h">
      <Filter>Header Files</Filter>
    </ClInclude>
    <ClInclude Include="Game.h">
      <Filter>Header Files</Filter>
    </ClInclude>
  </ItemGroup>
  <ItemGroup>
    <None Include="shaders\basic_fs.shader" />
    <None Include="shaders\basic_vs.shader" />
    <None Include="shaders\skybox_vs.shader" />
    <None Include="shaders\skybox_fs.shader" />
    <None Include="shaders\light_vs.shader" />
    <None Include="shaders\light_fs.shader" />
    <None Include="shaders\typer_vs.shader" />
    <None Include="shaders\typer_fs.shader" />
    <None Include="shaders\game_fs.shader" />
    <None Include="shaders\game_vs.shader" />
  </ItemGroup>
  <ItemGroup>
    <Image Include="textures\escape.png">
      <Filter>Resource Files</Filter>
    </Image>
    <Image Include="textures\wall1.png">
      <Filter>Resource Files</Filter>
    </Image>
    <Image Include="textures\wall2.png">
      <Filter>Resource Files</Filter>
    </Image>
    <Image Include="textures\passage.png">
      <Filter>Resource Files</Filter>
    </Image>
    <Image Include="textures\nonescape.png">
      <Filter>Resource Files</Filter>
    </Image>
    <Image Include="textures\skybox\back.jpg">
      <Filter>Resource Files</Filter>
    </Image>
    <Image Include="textures\skybox\bottom.jpg">
      <Filter>Resource Files</Filter>
    </Image>
    <Image Include="textures\skybox\front.jpg">
      <Filter>Resource Files</Filter>
    </Image>
    <Image Include="textures\skybox\left.jpg">
      <Filter>Resource Files</Filter>
    </Image>
    <Image Include="textures\skybox\right.jpg">
      <Filter>Resource Files</Filter>
    </Image>
    <Image Include="textures\skybox\top.jpg">
      <Filter>Resource Files</Filter>
    </Image>
    <Image Include="textures\gameWindow.png">
      <Filter>Resource Files</Filter>
    </Image>
  </ItemGroup>
</Project>