<?xml version="1.0" encoding="utf-8"?>
<Project ToolsVersion="4.0" xmlns="http://schemas.microsoft.com/developer/msbuild/2003">
  <ItemGroup>
    <Filter Include="Renderer">
      <UniqueIdentifier>{ca71c88d-7fa6-4bfb-910c-1fc63920275d}</UniqueIdentifier>
    </Filter>
    <Filter Include="Light">
      <UniqueIdentifier>{80c8d598-f8f5-459b-9aad-4cf796b9ee32}</UniqueIdentifier>
    </Filter>
    <Filter Include="Shader">
      <UniqueIdentifier>{30d1a3b2-5843-48a8-b202-58c410c6754b}</UniqueIdentifier>
    </Filter>
    <Filter Include="Shader\Shader Programs">
      <UniqueIdentifier>{c9f29f65-4e60-40f8-8722-f85407bdcd7c}</UniqueIdentifier>
    </Filter>
    <Filter Include="Camera">
      <UniqueIdentifier>{4d509874-8ef0-4cd9-b13b-73121234c67e}</UniqueIdentifier>
    </Filter>
    <Filter Include="Texture">
      <UniqueIdentifier>{36a31718-783d-4566-8048-2d96bcceb246}</UniqueIdentifier>
    </Filter>
    <Filter Include="Window">
      <UniqueIdentifier>{14b194df-12b7-4c6a-a390-d21df65d1108}</UniqueIdentifier>
    </Filter>
    <Filter Include="Game">
      <UniqueIdentifier>{93995380-89BD-4b04-88EB-625FBE52EBFB}</UniqueIdentifier>
      <Extensions>h;hh;hpp;hxx;hm;inl;inc;ipp;xsd</Extensions>
    </Filter>
    <Filter Include="Control">
      <UniqueIdentifier>{b6d352b1-10dc-4bd8-bdd6-9daea4096984}</UniqueIdentifier>
    </Filter>
    <Filter Include="GUI">
      <UniqueIdentifier>{fbbe1c49-dbb0-4abd-ba8c-5030a0171fa7}</UniqueIdentifier>
    </Filter>
    <Filter Include="GUI\ImGui">
      <UniqueIdentifier>{a42b8323-057f-43b2-9696-86324bd78d0a}</UniqueIdentifier>
    </Filter>
    <Filter Include="Object">
      <UniqueIdentifier>{1729e664-b4ae-4839-8518-2c8b65241e03}</UniqueIdentifier>
    </Filter>
    <Filter Include="Shape">
      <UniqueIdentifier>{7800b6ea-53e7-4977-bc21-e08e9399299f}</UniqueIdentifier>
    </Filter>
    <Filter Include="Entity">
      <UniqueIdentifier>{bb34bab2-9a88-415e-befd-596a962ff565}</UniqueIdentifier>
    </Filter>
    <Filter Include="Command">
      <UniqueIdentifier>{d3abd013-d6c0-4e07-9c1f-3d2cc5a9e74a}</UniqueIdentifier>
    </Filter>
    <Filter Include="Math">
      <UniqueIdentifier>{210c29a3-6645-41b1-897d-d34707583a3a}</UniqueIdentifier>
    </Filter>
    <Filter Include="Util">
      <UniqueIdentifier>{24c34095-f7f6-4812-acaa-02e419c70b59}</UniqueIdentifier>
    </Filter>
    <Filter Include="Layer">
      <UniqueIdentifier>{ba210aaf-6d82-43ed-b978-2dff13a7db7f}</UniqueIdentifier>
    </Filter>
  </ItemGroup>
  <ItemGroup>
    <ClCompile Include="Renderer.cpp">
      <Filter>Renderer</Filter>
    </ClCompile>
    <ClCompile Include="Light.cpp">
      <Filter>Light</Filter>
    </ClCompile>
    <ClCompile Include="Camera.cpp">
      <Filter>Camera</Filter>
    </ClCompile>
    <ClCompile Include="Skybox.cpp">
      <Filter>Texture</Filter>
    </ClCompile>
    <ClCompile Include="Texture.cpp">
      <Filter>Texture</Filter>
    </ClCompile>
    <ClCompile Include="Typer.cpp">
      <Filter>Texture</Filter>
    </ClCompile>
    <ClCompile Include="Maze.cpp">
      <Filter>Game</Filter>
    </ClCompile>
    <ClCompile Include="Game.cpp">
      <Filter>Game</Filter>
    </ClCompile>
    <ClCompile Include="main.cpp" />
    <ClCompile Include="..\libraries\imgui-1.88\imgui_impl_opengl3.cpp">
      <Filter>GUI\ImGui</Filter>
    </ClCompile>
    <ClCompile Include="..\libraries\imgui-1.88\imgui_impl_win32.cpp">
      <Filter>GUI\ImGui</Filter>
    </ClCompile>
    <ClCompile Include="..\libraries\imgui-1.88\imgui_tables.cpp">
      <Filter>GUI\ImGui</Filter>
    </ClCompile>
    <ClCompile Include="..\libraries\imgui-1.88\imgui_widgets.cpp">
      <Filter>GUI\ImGui</Filter>
    </ClCompile>
    <ClCompile Include="..\libraries\imgui-1.88\imgui.cpp">
      <Filter>GUI\ImGui</Filter>
    </ClCompile>
    <ClCompile Include="..\libraries\imgui-1.88\imgui_demo.cpp">
      <Filter>GUI\ImGui</Filter>
    </ClCompile>
    <ClCompile Include="..\libraries\imgui-1.88\imgui_draw.cpp">
      <Filter>GUI\ImGui</Filter>
    </ClCompile>
    <ClCompile Include="..\libraries\imgui-1.88\imgui_impl_glfw.cpp">
      <Filter>GUI\ImGui</Filter>
    </ClCompile>
    <ClCompile Include="MoveCommand.h">
      <Filter>Command</Filter>
    </ClCompile>
  </ItemGroup>
  <ItemGroup>
    <ClInclude Include="Maze.h">
      <Filter>Game</Filter>
    </ClInclude>
    <ClInclude Include="Game.h">
      <Filter>Game</Filter>
    </ClInclude>
    <ClInclude Include="Renderer.h">
      <Filter>Renderer</Filter>
    </ClInclude>
    <ClInclude Include="Light.h">
      <Filter>Light</Filter>
    </ClInclude>
    <ClInclude Include="Shader.h">
      <Filter>Shader</Filter>
    </ClInclude>
    <ClInclude Include="Camera.h">
      <Filter>Camera</Filter>
    </ClInclude>
    <ClInclude Include="Typer.h">
      <Filter>Texture</Filter>
    </ClInclude>
    <ClInclude Include="Texture.h">
      <Filter>Texture</Filter>
    </ClInclude>
    <ClInclude Include="Skybox.h">
      <Filter>Texture</Filter>
    </ClInclude>
    <ClInclude Include="Window.h">
      <Filter>Window</Filter>
    </ClInclude>
    <ClInclude Include="IControl.h">
      <Filter>Control</Filter>
    </ClInclude>
    <ClInclude Include="Control.h">
      <Filter>Control</Filter>
    </ClInclude>
    <ClInclude Include="GUI.h">
      <Filter>GUI</Filter>
    </ClInclude>
    <ClInclude Include="Object.h">
      <Filter>Object</Filter>
    </ClInclude>
    <ClInclude Include="Triangle.h">
      <Filter>Shape</Filter>
    </ClInclude>
    <ClInclude Include="..\libraries\imgui-1.88\imgui_impl_opengl3.h">
      <Filter>GUI\ImGui</Filter>
    </ClInclude>
    <ClInclude Include="..\libraries\imgui-1.88\imgui_impl_opengl3_loader.h">
      <Filter>GUI\ImGui</Filter>
    </ClInclude>
    <ClInclude Include="..\libraries\imgui-1.88\imgui_impl_win32.h">
      <Filter>GUI\ImGui</Filter>
    </ClInclude>
    <ClInclude Include="..\libraries\imgui-1.88\imgui_internal.h">
      <Filter>GUI\ImGui</Filter>
    </ClInclude>
    <ClInclude Include="..\libraries\imgui-1.88\imstb_rectpack.h">
      <Filter>GUI\ImGui</Filter>
    </ClInclude>
    <ClInclude Include="..\libraries\imgui-1.88\imstb_textedit.h">
      <Filter>GUI\ImGui</Filter>
    </ClInclude>
    <ClInclude Include="..\libraries\imgui-1.88\imstb_truetype.h">
      <Filter>GUI\ImGui</Filter>
    </ClInclude>
    <ClInclude Include="..\libraries\imgui-1.88\imconfig.h">
      <Filter>GUI\ImGui</Filter>
    </ClInclude>
    <ClInclude Include="..\libraries\imgui-1.88\imgui.h">
      <Filter>GUI\ImGui</Filter>
    </ClInclude>
    <ClInclude Include="..\libraries\imgui-1.88\imgui_impl_glfw.h">
      <Filter>GUI\ImGui</Filter>
    </ClInclude>
    <ClInclude Include="Entity.h">
      <Filter>Entity</Filter>
    </ClInclude>
    <ClInclude Include="Rectangle.h">
      <Filter>Shape</Filter>
    </ClInclude>
    <ClInclude Include="InputHandler.h">
      <Filter>Control</Filter>
    </ClInclude>
    <ClInclude Include="JumpCommand.h">
      <Filter>Command</Filter>
    </ClInclude>
    <ClInclude Include="ICommand.h">
      <Filter>Command</Filter>
    </ClInclude>
    <ClInclude Include="Vec3.h">
      <Filter>Math</Filter>
    </ClInclude>
    <ClInclude Include="Util.h">
      <Filter>Util</Filter>
    </ClInclude>
    <ClInclude Include="Mat3.h">
      <Filter>Math</Filter>
    </ClInclude>
    <ClInclude Include="Vec4.h">
      <Filter>Math</Filter>
    </ClInclude>
    <ClInclude Include="Mat4.h">
      <Filter>Math</Filter>
    </ClInclude>
    <ClInclude Include="Layer.h">
      <Filter>Layer</Filter>
    </ClInclude>
  </ItemGroup>
  <ItemGroup>
    <None Include="shaders\basic_fs.shader">
      <Filter>Shader\Shader Programs</Filter>
    </None>
    <None Include="shaders\basic_vs.shader">
      <Filter>Shader\Shader Programs</Filter>
    </None>
    <None Include="shaders\game_fs.shader">
      <Filter>Shader\Shader Programs</Filter>
    </None>
    <None Include="shaders\game_vs.shader">
      <Filter>Shader\Shader Programs</Filter>
    </None>
    <None Include="shaders\light_fs.shader">
      <Filter>Shader\Shader Programs</Filter>
    </None>
    <None Include="shaders\light_vs.shader">
      <Filter>Shader\Shader Programs</Filter>
    </None>
    <None Include="shaders\skybox_fs.shader">
      <Filter>Shader\Shader Programs</Filter>
    </None>
    <None Include="shaders\skybox_vs.shader">
      <Filter>Shader\Shader Programs</Filter>
    </None>
    <None Include="shaders\typer_fs.shader">
      <Filter>Shader\Shader Programs</Filter>
    </None>
    <None Include="shaders\typer_vs.shader">
      <Filter>Shader\Shader Programs</Filter>
    </None>
    <None Include="shaders\ex_vs.shader">
      <Filter>Shader\Shader Programs</Filter>
    </None>
    <None Include="shaders\ex_fs.shader">
      <Filter>Shader\Shader Programs</Filter>
    </None>
  </ItemGroup>
</Project>